
Microsoft Visual Studio Solution File, Format Version 12.00
# Visual Studio Version 16
VisualStudioVersion = 16.0.31112.23
MinimumVisualStudioVersion = 10.0.40219.1
Project("{FAE04EC0-301F-11D3-BF4B-00C04F79EFBC}") = "ExportDocApi", "ExportDocApi.csproj", "{598BE8F4-5DC1-4DC5-8E45-5222AC68316F}"
EndProject
Global
	GlobalSection(SolutionConfigurationPlatforms) = preSolution
		Debug|Any CPU = Debug|Any CPU
		Release|Any CPU = Release|Any CPU
	EndGlobalSection
	GlobalSection(ProjectConfigurationPlatforms) = postSolution
		{598BE8F4-5DC1-4DC5-8E45-5222AC68316F}.Debug|Any CPU.ActiveCfg = Debug|Any CPU
		{598BE8F4-5DC1-4DC5-8E45-5222AC68316F}.Debug|Any CPU.Build.0 = Debug|Any CPU
		{598BE8F4-5DC1-4DC5-8E45-5222AC68316F}.Release|Any CPU.ActiveCfg = Release|Any CPU
		{598BE8F4-5DC1-4DC5-8E45-5222AC68316F}.Release|Any CPU.Build.0 = Release|Any CPU
	EndGlobalSection
	GlobalSection(SolutionProperties) = preSolution
		HideSolutionNode = FALSE
	EndGlobalSection
	GlobalSection(ExtensibilityGlobals) = postSolution
		SolutionGuid = {5316029C-010D-41BA-A3E9-DED63EDFB129}
	EndGlobalSection
EndGlobal
